
Microsoft Visual Studio Solution File, Format Version 12.00
# Visual Studio Version 16
VisualStudioVersion = 16.0.29411.108
MinimumVisualStudioVersion = 10.0.40219.1
Project("{FAE04EC0-301F-11D3-BF4B-00C04F79EFBC}") = "WebApplicationService", "WebApplicationService\WebApplicationService.csproj", "{F7885AE1-00CC-485E-AE49-0F2C7B159969}"
EndProject
Project("{FAE04EC0-301F-11D3-BF4B-00C04F79EFBC}") = "RESTfullAPIService", "RESTfullAPIService\RESTfullAPIService.csproj", "{421D3AEF-4D78-4697-A515-E86F3145DD0B}"
EndProject
Global
	GlobalSection(SolutionConfigurationPlatforms) = preSolution
		Debug|Any CPU = Debug|Any CPU
		Release|Any CPU = Release|Any CPU
	EndGlobalSection
	GlobalSection(ProjectConfigurationPlatforms) = postSolution
		{F7885AE1-00CC-485E-AE49-0F2C7B159969}.Debug|Any CPU.ActiveCfg = Debug|Any CPU
		{F7885AE1-00CC-485E-AE49-0F2C7B159969}.Debug|Any CPU.Build.0 = Debug|Any CPU
		{F7885AE1-00CC-485E-AE49-0F2C7B159969}.Release|Any CPU.ActiveCfg = Release|Any CPU
		{F7885AE1-00CC-485E-AE49-0F2C7B159969}.Release|Any CPU.Build.0 = Release|Any CPU
		{421D3AEF-4D78-4697-A515-E86F3145DD0B}.Debug|Any CPU.ActiveCfg = Debug|Any CPU
		{421D3AEF-4D78-4697-A515-E86F3145DD0B}.Debug|Any CPU.Build.0 = Debug|Any CPU
		{421D3AEF-4D78-4697-A515-E86F3145DD0B}.Release|Any CPU.ActiveCfg = Release|Any CPU
		{421D3AEF-4D78-4697-A515-E86F3145DD0B}.Release|Any CPU.Build.0 = Release|Any CPU
	EndGlobalSection
	GlobalSection(SolutionProperties) = preSolution
		HideSolutionNode = FALSE
	EndGlobalSection
	GlobalSection(ExtensibilityGlobals) = postSolution
		SolutionGuid = {594938AD-B1CD-46DF-9080-2518FD4CEFA1}
	EndGlobalSection
EndGlobal
